<?xml version="1.0" encoding="utf-8"?>
<Project ToolsVersion="4.0" xmlns="http://schemas.microsoft.com/developer/msbuild/2003">
  <ItemGroup>
    <Filter Include="include">
      <UniqueIdentifier>{b8b64b33-0def-49bc-80b3-79790cab2d45}</UniqueIdentifier>
    </Filter>
    <Filter Include="src">
      <UniqueIdentifier>{4eae4c6e-805f-46ca-8bd5-ce5df8b05509}</UniqueIdentifier>
    </Filter>
  </ItemGroup>
  <ItemGroup>
    <ClInclude Include="..\include\basis_observer.h">
      <Filter>include</Filter>
    </ClInclude>
    <ClInclude Include="..\include\basis_subject.h">
      <Filter>include</Filter>
    </ClInclude>
    <ClInclude Include="..\include\basis_notification.h">
      <Filter>include</Filter>
    </ClInclude>
    <ClInclude Include="..\include\basis_define.h">
      <Filter>include</Filter>
    </ClInclude>
    <ClInclude Include="..\include\basis_observer_ext.h">
      <Filter>include</Filter>
    </ClInclude>
    <ClInclude Include="..\include\basis_json.h">
      <Filter>include</Filter>
    </ClInclude>
    <ClInclude Include="..\include\basis_atomic.h">
      <Filter>include</Filter>
    </ClInclude>
    <ClInclude Include="..\include\basis_md5.h">
      <Filter>include</Filter>
    </ClInclude>
    <ClInclude Include="..\include\basis_smart_ptr.h">
      <Filter>include</Filter>
    </ClInclude>
    <ClInclude Include="..\include\basis_checked_delete.h">
      <Filter>include</Filter>
    </ClInclude>
    <ClInclude Include="..\include\basis_critical.h">
      <Filter>include</Filter>
    </ClInclude>
    <ClInclude Include="..\include\basis_macro.h">
      <Filter>include</Filter>
    </ClInclude>
    <ClInclude Include="..\include\basis_mutex.h">
      <Filter>include</Filter>
    </ClInclude>
    <ClInclude Include="..\include\basis_var.h">
      <Filter>include</Filter>
    </ClInclude>
    <ClInclude Include="..\include\basis_var_holder.h">
      <Filter>include</Filter>
    </ClInclude>
    <ClInclude Include="..\include\basis_event.h">
      <Filter>include</Filter>
    </ClInclude>
    <ClInclude Include="..\include\basis_thread.h">
      <Filter>include</Filter>
    </ClInclude>
    <ClInclude Include="..\include\basis_runnable.h">
      <Filter>include</Filter>
    </ClInclude>
    <ClInclude Include="..\include\basis_rw_lock.h">
      <Filter>include</Filter>
    </ClInclude>
    <ClInclude Include="..\include\basis_timespan.h">
      <Filter>include</Filter>
    </ClInclude>
    <ClInclude Include="..\include\basis_timestamp.h">
      <Filter>include</Filter>
    </ClInclude>
    <ClInclude Include="..\include\basis_timeformat.h">
      <Filter>include</Filter>
    </ClInclude>
  </ItemGroup>
  <ItemGroup>
    <ClCompile Include="..\src\basis_subject.cpp">
      <Filter>src</Filter>
    </ClCompile>
    <ClCompile Include="..\src\basis_json.cpp">
      <Filter>src</Filter>
    </ClCompile>
    <ClCompile Include="..\src\basis_atomic.cpp">
      <Filter>src</Filter>
    </ClCompile>
    <ClCompile Include="..\src\basis_md5.cpp">
      <Filter>src</Filter>
    </ClCompile>
    <ClCompile Include="..\src\basis_critical.cpp">
      <Filter>src</Filter>
    </ClCompile>
    <ClCompile Include="..\src\basis_mutex.cpp">
      <Filter>src</Filter>
    </ClCompile>
    <ClCompile Include="..\src\test.cpp">
      <Filter>src</Filter>
    </ClCompile>
    <ClCompile Include="..\src\basis_var.cpp">
      <Filter>src</Filter>
    </ClCompile>
    <ClCompile Include="..\src\basis_event.cpp">
      <Filter>src</Filter>
    </ClCompile>
    <ClCompile Include="..\src\basis_thread.cpp">
      <Filter>src</Filter>
    </ClCompile>
    <ClCompile Include="..\src\basis_rw_lock.cpp">
      <Filter>src</Filter>
    </ClCompile>
    <ClCompile Include="..\src\basis_timespan.cpp">
      <Filter>src</Filter>
    </ClCompile>
    <ClCompile Include="..\src\basis_timestamp.cpp">
      <Filter>src</Filter>
    </ClCompile>
    <ClCompile Include="..\src\basis_timeformat.cpp">
      <Filter>src</Filter>
    </ClCompile>
  </ItemGroup>
</Project>